
Microsoft Visual Studio Solution File, Format Version 12.00
# Visual Studio 15
VisualStudioVersion = 15.0.28010.2041
MinimumVisualStudioVersion = 10.0.40219.1
Project("{FAE04EC0-301F-11D3-BF4B-00C04F79EFBC}") = "Steganografia", "Steganografia\Steganografia.csproj", "{797AD78B-3474-4A9F-99B2-D27974F845E4}"
EndProject
Global
	GlobalSection(SolutionConfigurationPlatforms) = preSolution
		Debug|Any CPU = Debug|Any CPU
		Release|Any CPU = Release|Any CPU
	EndGlobalSection
	GlobalSection(ProjectConfigurationPlatforms) = postSolution
		{797AD78B-3474-4A9F-99B2-D27974F845E4}.Debug|Any CPU.ActiveCfg = Debug|Any CPU
		{797AD78B-3474-4A9F-99B2-D27974F845E4}.Debug|Any CPU.Build.0 = Debug|Any CPU
		{797AD78B-3474-4A9F-99B2-D27974F845E4}.Release|Any CPU.ActiveCfg = Release|Any CPU
		{797AD78B-3474-4A9F-99B2-D27974F845E4}.Release|Any CPU.Build.0 = Release|Any CPU
	EndGlobalSection
	GlobalSection(SolutionProperties) = preSolution
		HideSolutionNode = FALSE
	EndGlobalSection
	GlobalSection(ExtensibilityGlobals) = postSolution
		SolutionGuid = {B3502A9F-E0DC-4C54-9042-D5D1D6ADF0B7}
	EndGlobalSection
EndGlobal
